
Microsoft Visual Studio Solution File, Format Version 12.00
# Visual Studio Version 17
VisualStudioVersion = 17.12.35521.163 d17.12
MinimumVisualStudioVersion = 10.0.40219.1
Project("{FAE04EC0-301F-11D3-BF4B-00C04F79EFBC}") = "DSA.ArrayProblems", "DSA.ArrayProblems\DSA.ArrayProblems.csproj", "{605DC804-DBD7-452C-B725-0766AEFFD099}"
EndProject
Project("{FAE04EC0-301F-11D3-BF4B-00C04F79EFBC}") = "DSA.UnitTest", "DSA.UnitTest\DSA.UnitTest.csproj", "{07BCD9F1-9C37-4413-BD80-EB7A54769FE1}"
EndProject
Global
	GlobalSection(SolutionConfigurationPlatforms) = preSolution
		Debug|Any CPU = Debug|Any CPU
		Release|Any CPU = Release|Any CPU
	EndGlobalSection
	GlobalSection(ProjectConfigurationPlatforms) = postSolution
		{605DC804-DBD7-452C-B725-0766AEFFD099}.Debug|Any CPU.ActiveCfg = Debug|Any CPU
		{605DC804-DBD7-452C-B725-0766AEFFD099}.Debug|Any CPU.Build.0 = Debug|Any CPU
		{605DC804-DBD7-452C-B725-0766AEFFD099}.Release|Any CPU.ActiveCfg = Release|Any CPU
		{605DC804-DBD7-452C-B725-0766AEFFD099}.Release|Any CPU.Build.0 = Release|Any CPU
		{07BCD9F1-9C37-4413-BD80-EB7A54769FE1}.Debug|Any CPU.ActiveCfg = Debug|Any CPU
		{07BCD9F1-9C37-4413-BD80-EB7A54769FE1}.Debug|Any CPU.Build.0 = Debug|Any CPU
		{07BCD9F1-9C37-4413-BD80-EB7A54769FE1}.Release|Any CPU.ActiveCfg = Release|Any CPU
		{07BCD9F1-9C37-4413-BD80-EB7A54769FE1}.Release|Any CPU.Build.0 = Release|Any CPU
	EndGlobalSection
	GlobalSection(SolutionProperties) = preSolution
		HideSolutionNode = FALSE
	EndGlobalSection
EndGlobal
